PATH
  remote: .
  specs:
    ruby_ui (1.6.0)

GEM
  remote: https://rubygems.org/
  specs:
    ast (2.4.3)
    drb (2.2.3)
    json (2.21.1)
    language_server-protocol (3.17.0.6)
    lint_roller (1.1.0)
    minitest (6.0.6)
      drb (~> 2.0)
      prism (~> 1.5)
    parallel (1.28.0)
    parser (3.3.12.0)
      ast (~> 2.4.1)
      racc
    phlex (2.4.1)
      refract (~> 1.0)
      zeitwerk (~> 2.7)
    prism (1.9.0)
    racc (1.8.1)
    rainbow (3.1.1)
    rake (13.4.2)
    refract (1.1.0)
      prism
      zeitwerk
    regexp_parser (2.12.0)
    rouge (5.1.0)
      strscan (~> 3.1)
    rubocop (1.88.2)
      json (~> 2.3)
      language_server-protocol (~> 3.17.0.2)
      lint_roller (~> 1.1.0)
      parallel (>= 1.10)
      parser (>= 3.3.0.2)
      rainbow (>= 2.2.2, < 4.0)
      regexp_parser (>= 2.9.3, < 3.0)
      rubocop-ast (>= 1.49.0, < 2.0)
      ruby-progressbar (~> 1.7)
      unicode-display_width (>= 2.4.0, < 4.0)
    rubocop-ast (1.50.0)
      parser (>= 3.3.7.2)
      prism (~> 1.7)
    rubocop-performance (1.26.1)
      lint_roller (~> 1.1)
      rubocop (>= 1.75.0, < 2.0)
      rubocop-ast (>= 1.47.1, < 2.0)
    ruby-progressbar (1.13.0)
    sin_lru_redux (2.5.3)
    standard (1.56.0)
      language_server-protocol (~> 3.17.0.2)
      lint_roller (~> 1.0)
      rubocop (~> 1.88.0)
      standard-custom (~> 1.0.0)
      standard-performance (~> 1.8)
    standard-custom (1.0.2)
      lint_roller (~> 1.0)
      rubocop (~> 1.50)
    standard-performance (1.9.0)
      lint_roller (~> 1.1)
      rubocop-performance (~> 1.26.0)
    strscan (3.1.8)
    tailwind_merge (1.5.4)
      sin_lru_redux (~> 2.5)
    unicode-display_width (3.2.0)
      unicode-emoji (~> 4.1)
    unicode-emoji (4.2.0)
    zeitwerk (2.7.5)

PLATFORMS
  arm64-darwin-24
  ruby

DEPENDENCIES
  minitest (~> 6.0)
  phlex (~> 2.1, >= 2.1.2)
  rake (~> 13.0)
  rouge (~> 5.1.0)
  ruby_ui!
  standard (~> 1.0)
  tailwind_merge (~> 1.4)

BUNDLED WITH
   2.5.22
